<Solution>
  <Project Path="BancoProcredit.API/BancoProcredit.API.csproj" />
  <Project Path="BancoProcredit.Application/BancoProcredit.Application.csproj" />
  <Project Path="BancoProcredit.Domain/BancoProcredit.Domain.csproj" />
  <Project Path="BancoProcredit.Infrastructure/BancoProcredit.Infrastructure.csproj" />
</Solution>
